// !$*UTF8*$!
{
	archiveVersion = 1;
	classes = {
	};
	objectVersion = 51;
	objects = {

/* Begin PBXBuildFile section */
		074C5E1024B6CCFD00C46F8D /* cartTableViewCell.swift in Sources */ = {isa = PBXBuildFile; fileRef = 074C5E0F24B6CCFD00C46F8D /* cartTableViewCell.swift */; };
		074C5E1224B7095D00C46F8D /* orderTableViewCell.swift in Sources */ = {isa = PBXBuildFile; fileRef = 074C5E1124B7095D00C46F8D /* orderTableViewCell.swift */; };
		0761667B24B053020097BD8D /* productModel.swift in Sources */ = {isa = PBXBuildFile; fileRef = 0761667A24B053020097BD8D /* productModel.swift */; };
		07883DA124D6A7250044A444 /* CustomNavigationBar.swift in Sources */ = {isa = PBXBuildFile; fileRef = 07883DA024D6A7250044A444 /* CustomNavigationBar.swift */; };
		079A73F6249F5B8800CBAD37 /* AppDelegate.swift in Sources */ = {isa = PBXBuildFile; fileRef = 079A73F5249F5B8800CBAD37 /* AppDelegate.swift */; };
		079A73F8249F5B8800CBAD37 /* SceneDelegate.swift in Sources */ = {isa = PBXBuildFile; fileRef = 079A73F7249F5B8800CBAD37 /* SceneDelegate.swift */; };
		079A73FD249F5B8800CBAD37 /* Main.storyboard in Resources */ = {isa = PBXBuildFile; fileRef = 079A73FB249F5B8800CBAD37 /* Main.storyboard */; };
		079A7400249F5B8800CBAD37 /* groupnow.xcdatamodeld in Sources */ = {isa = PBXBuildFile; fileRef = 079A73FE249F5B8800CBAD37 /* groupnow.xcdatamodeld */; };
		079A7402249F5B8A00CBAD37 /* Assets.xcassets in Resources */ = {isa = PBXBuildFile; fileRef = 079A7401249F5B8A00CBAD37 /* Assets.xcassets */; };
		079A7405249F5B8A00CBAD37 /* LaunchScreen.storyboard in Resources */ = {isa = PBXBuildFile; fileRef = 079A7403249F5B8A00CBAD37 /* LaunchScreen.storyboard */; };
		079A740F249F5C4900CBAD37 /* signupViewController.swift in Sources */ = {isa = PBXBuildFile; fileRef = 079A740E249F5C4900CBAD37 /* signupViewController.swift */; };
		079A7411249F5C5200CBAD37 /* homeViewController.swift in Sources */ = {isa = PBXBuildFile; fileRef = 079A7410249F5C5200CBAD37 /* homeViewController.swift */; };
		079A7413249F5C5D00CBAD37 /* productViewController.swift in Sources */ = {isa = PBXBuildFile; fileRef = 079A7412249F5C5D00CBAD37 /* productViewController.swift */; };
		079A7415249F5C6A00CBAD37 /* profileViewController.swift in Sources */ = {isa = PBXBuildFile; fileRef = 079A7414249F5C6A00CBAD37 /* profileViewController.swift */; };
		079A7417249F5C7800CBAD37 /* editprofileViewController.swift in Sources */ = {isa = PBXBuildFile; fileRef = 079A7416249F5C7800CBAD37 /* editprofileViewController.swift */; };
		079A7419249F5C8100CBAD37 /* searchViewController.swift in Sources */ = {isa = PBXBuildFile; fileRef = 079A7418249F5C8100CBAD37 /* searchViewController.swift */; };
		079A741D249F5C9D00CBAD37 /* orderViewController.swift in Sources */ = {isa = PBXBuildFile; fileRef = 079A741C249F5C9D00CBAD37 /* orderViewController.swift */; };
		079A741F249F5CA900CBAD37 /* cartViewController.swift in Sources */ = {isa = PBXBuildFile; fileRef = 079A741E249F5CA900CBAD37 /* cartViewController.swift */; };
		079A742124A0653700CBAD37 /* loginViewController.swift in Sources */ = {isa = PBXBuildFile; fileRef = 079A742024A0653700CBAD37 /* loginViewController.swift */; };
		079A742324A06BAC00CBAD37 /* GoogleService-Info.plist in Resources */ = {isa = PBXBuildFile; fileRef = 079A742224A06BAC00CBAD37 /* GoogleService-Info.plist */; };
		079A742524A07EC100CBAD37 /* productTableViewCell.swift in Sources */ = {isa = PBXBuildFile; fileRef = 079A742424A07EC100CBAD37 /* productTableViewCell.swift */; };
		079A742724A0A4B400CBAD37 /* addViewController.swift in Sources */ = {isa = PBXBuildFile; fileRef = 079A742624A0A4B400CBAD37 /* addViewController.swift */; };
		07FA19A824BB0C9800EFC1C4 /* orderModel.swift in Sources */ = {isa = PBXBuildFile; fileRef = 07FA19A724BB0C9800EFC1C4 /* orderModel.swift */; };
		07FA19AC24BD9AA100EFC1C4 /* resultTableViewCell.swift in Sources */ = {isa = PBXBuildFile; fileRef = 07FA19AB24BD9AA100EFC1C4 /* resultTableViewCell.swift */; };
		B04647671041B90BBC92E088 /* Pods_groupnow.framework in Frameworks */ = {isa = PBXBuildFile; fileRef = 9152A4C83D85CF3BA1A3CE6C /* Pods_groupnow.framework */; };
/* End PBXBuildFile section */

/* Begin PBXFileReference section */
		074C5E0F24B6CCFD00C46F8D /* cartTableViewCell.swift */ = {isa = PBXFileReference; lastKnownFileType = sourcecode.swift; path = cartTableViewCell.swift; sourceTree = "<group>"; };
		074C5E1124B7095D00C46F8D /* orderTableViewCell.swift */ = {isa = PBXFileReference; lastKnownFileType = sourcecode.swift; path = orderTableViewCell.swift; sourceTree = "<group>"; };
		0761667A24B053020097BD8D /* productModel.swift */ = {isa = PBXFileReference; lastKnownFileType = sourcecode.swift; path = productModel.swift; sourceTree = "<group>"; };
		07883DA024D6A7250044A444 /* CustomNavigationBar.swift */ = {isa = PBXFileReference; lastKnownFileType = sourcecode.swift; path = CustomNavigationBar.swift; sourceTree = "<group>"; };
		079A73F2249F5B8800CBAD37 /* groupnow.app */ = {isa = PBXFileReference; explicitFileType = wrapper.application; includeInIndex = 0; path = groupnow.app; sourceTree = BUILT_PRODUCTS_DIR; };
		079A73F5249F5B8800CBAD37 /* AppDelegate.swift */ = {isa = PBXFileReference; lastKnownFileType = sourcecode.swift; path = AppDelegate.swift; sourceTree = "<group>"; };
		079A73F7249F5B8800CBAD37 /* SceneDelegate.swift */ = {isa = PBXFileReference; lastKnownFileType = sourcecode.swift; path = SceneDelegate.swift; sourceTree = "<group>"; };
		079A73FC249F5B8800CBAD37 /* Base */ = {isa = PBXFileReference; lastKnownFileType = file.storyboard; name = Base; path = Base.lproj/Main.storyboard; sourceTree = "<group>"; };
		079A73FF249F5B8800CBAD37 /* groupnow.xcdatamodel */ = {isa = PBXFileReference; lastKnownFileType = wrapper.xcdatamodel; path = groupnow.xcdatamodel; sourceTree = "<group>"; };
		079A7401249F5B8A00CBAD37 /* Assets.xcassets */ = {isa = PBXFileReference; lastKnownFileType = folder.assetcatalog; path = Assets.xcassets; sourceTree = "<group>"; };
		079A7404249F5B8A00CBAD37 /* Base */ = {isa = PBXFileReference; lastKnownFileType = file.storyboard; name = Base; path = Base.lproj/LaunchScreen.storyboard; sourceTree = "<group>"; };
		079A7406249F5B8A00CBAD37 /* Info.plist */ = {isa = PBXFileReference; lastKnownFileType = text.plist.xml; path = Info.plist; sourceTree = "<group>"; };
		079A740E249F5C4900CBAD37 /* signupViewController.swift */ = {isa = PBXFileReference; lastKnownFileType = sourcecode.swift; path = signupViewController.swift; sourceTree = "<group>"; };
		079A7410249F5C5200CBAD37 /* homeViewController.swift */ = {isa = PBXFileReference; lastKnownFileType = sourcecode.swift; path = homeViewController.swift; sourceTree = "<group>"; };
		079A7412249F5C5D00CBAD37 /* productViewController.swift */ = {isa = PBXFileReference; lastKnownFileType = sourcecode.swift; path = productViewController.swift; sourceTree = "<group>"; };
		079A7414249F5C6A00CBAD37 /* profileViewController.swift */ = {isa = PBXFileReference; lastKnownFileType = sourcecode.swift; path = profileViewController.swift; sourceTree = "<group>"; };
		079A7416249F5C7800CBAD37 /* editprofileViewController.swift */ = {isa = PBXFileReference; lastKnownFileType = sourcecode.swift; path = editprofileViewController.swift; sourceTree = "<group>"; };
		079A7418249F5C8100CBAD37 /* searchViewController.swift */ = {isa = PBXFileReference; lastKnownFileType = sourcecode.swift; path = searchViewController.swift; sourceTree = "<group>"; };
		079A741C249F5C9D00CBAD37 /* orderViewController.swift */ = {isa = PBXFileReference; lastKnownFileType = sourcecode.swift; path = orderViewController.swift; sourceTree = "<group>"; };
		079A741E249F5CA900CBAD37 /* cartViewController.swift */ = {isa = PBXFileReference; lastKnownFileType = sourcecode.swift; path = cartViewController.swift; sourceTree = "<group>"; };
		079A742024A0653700CBAD37 /* loginViewController.swift */ = {isa = PBXFileReference; lastKnownFileType = sourcecode.swift; path = loginViewController.swift; sourceTree = "<group>"; };
		079A742224A06BAC00CBAD37 /* GoogleService-Info.plist */ = {isa = PBXFileReference; fileEncoding = 4; lastKnownFileType = text.plist.xml; path = "GoogleService-Info.plist"; sourceTree = "<group>"; };
		079A742424A07EC100CBAD37 /* productTableViewCell.swift */ = {isa = PBXFileReference; lastKnownFileType = sourcecode.swift; path = productTableViewCell.swift; sourceTree = "<group>"; };
		079A742624A0A4B400CBAD37 /* addViewController.swift */ = {isa = PBXFileReference; lastKnownFileType = sourcecode.swift; path = addViewController.swift; sourceTree = "<group>"; };
		07FA19A724BB0C9800EFC1C4 /* orderModel.swift */ = {isa = PBXFileReference; lastKnownFileType = sourcecode.swift; path = orderModel.swift; sourceTree = "<group>"; };
		07FA19AB24BD9AA100EFC1C4 /* resultTableViewCell.swift */ = {isa = PBXFileReference; lastKnownFileType = sourcecode.swift; path = resultTableViewCell.swift; sourceTree = "<group>"; };
		9152A4C83D85CF3BA1A3CE6C /* Pods_groupnow.framework */ = {isa = PBXFileReference; explicitFileType = wrapper.framework; includeInIndex = 0; path = Pods_groupnow.framework; sourceTree = BUILT_PRODUCTS_DIR; };
		E67A73CC84E29B45C9E4C2B7 /* Pods-groupnow.release.xcconfig */ = {isa = PBXFileReference; includeInIndex = 1; lastKnownFileType = text.xcconfig; name = "Pods-groupnow.release.xcconfig"; path = "Target Support Files/Pods-groupnow/Pods-groupnow.release.xcconfig"; sourceTree = "<group>"; };
		F57102D682CA0FEE4C7709E8 /* Pods-groupnow.debug.xcconfig */ = {isa = PBXFileReference; includeInIndex = 1; lastKnownFileType = text.xcconfig; name = "Pods-groupnow.debug.xcconfig"; path = "Target Support Files/Pods-groupnow/Pods-groupnow.debug.xcconfig"; sourceTree = "<group>"; };
/* End PBXFileReference section */

/* Begin PBXFrameworksBuildPhase section */
		079A73EF249F5B8800CBAD37 /* Frameworks */ = {
			isa = PBXFrameworksBuildPhase;
			buildActionMask = 2147483647;
			files = (
				B04647671041B90BBC92E088 /* Pods_groupnow.framework in Frameworks */,
			);
			runOnlyForDeploymentPostprocessing = 0;
		};
/* End PBXFrameworksBuildPhase section */

/* Begin PBXGroup section */
		079A73E9249F5B8800CBAD37 = {
			isa = PBXGroup;
			children = (
				079A73F4249F5B8800CBAD37 /* groupnow */,
				079A73F3249F5B8800CBAD37 /* Products */,
				2A7BC5253570894279CE609D /* Pods */,
				374E1FDBF6FE36FFE2A1FB33 /* Frameworks */,
			);
			sourceTree = "<group>";
		};
		079A73F3249F5B8800CBAD37 /* Products */ = {
			isa = PBXGroup;
			children = (
				079A73F2249F5B8800CBAD37 /* groupnow.app */,
			);
			name = Products;
			sourceTree = "<group>";
		};
		079A73F4249F5B8800CBAD37 /* groupnow */ = {
			isa = PBXGroup;
			children = (
				079A742224A06BAC00CBAD37 /* GoogleService-Info.plist */,
				079A73F5249F5B8800CBAD37 /* AppDelegate.swift */,
				079A73F7249F5B8800CBAD37 /* SceneDelegate.swift */,
				07883DA024D6A7250044A444 /* CustomNavigationBar.swift */,
				079A742024A0653700CBAD37 /* loginViewController.swift */,
				079A740E249F5C4900CBAD37 /* signupViewController.swift */,
				079A7410249F5C5200CBAD37 /* homeViewController.swift */,
				079A742424A07EC100CBAD37 /* productTableViewCell.swift */,
				079A7412249F5C5D00CBAD37 /* productViewController.swift */,
				079A7414249F5C6A00CBAD37 /* profileViewController.swift */,
				079A7416249F5C7800CBAD37 /* editprofileViewController.swift */,
				079A7418249F5C8100CBAD37 /* searchViewController.swift */,
				079A742624A0A4B400CBAD37 /* addViewController.swift */,
				0761667A24B053020097BD8D /* productModel.swift */,
				079A741C249F5C9D00CBAD37 /* orderViewController.swift */,
				074C5E1124B7095D00C46F8D /* orderTableViewCell.swift */,
				07FA19A724BB0C9800EFC1C4 /* orderModel.swift */,
				079A741E249F5CA900CBAD37 /* cartViewController.swift */,
				074C5E0F24B6CCFD00C46F8D /* cartTableViewCell.swift */,
				07FA19AB24BD9AA100EFC1C4 /* resultTableViewCell.swift */,
				079A73FB249F5B8800CBAD37 /* Main.storyboard */,
				079A7401249F5B8A00CBAD37 /* Assets.xcassets */,
				079A7403249F5B8A00CBAD37 /* LaunchScreen.storyboard */,
				079A7406249F5B8A00CBAD37 /* Info.plist */,
				079A73FE249F5B8800CBAD37 /* groupnow.xcdatamodeld */,
			);
			path = groupnow;
			sourceTree = "<group>";
		};
		2A7BC5253570894279CE609D /* Pods */ = {
			isa = PBXGroup;
			children = (
				F57102D682CA0FEE4C7709E8 /* Pods-groupnow.debug.xcconfig */,
				E67A73CC84E29B45C9E4C2B7 /* Pods-groupnow.release.xcconfig */,
			);
			path = Pods;
			sourceTree = "<group>";
		};
		374E1FDBF6FE36FFE2A1FB33 /* Frameworks */ = {
			isa = PBXGroup;
			children = (
				9152A4C83D85CF3BA1A3CE6C /* Pods_groupnow.framework */,
			);
			name = Frameworks;
			sourceTree = "<group>";
		};
/* End PBXGroup section */

/* Begin PBXNativeTarget section */
		079A73F1249F5B8800CBAD37 /* groupnow */ = {
			isa = PBXNativeTarget;
			buildConfigurationList = 079A7409249F5B8A00CBAD37 /* Build configuration list for PBXNativeTarget "groupnow" */;
			buildPhases = (
				4D5F58C3FDBFF6F711CD8ECE /* [CP] Check Pods Manifest.lock */,
				079A73EE249F5B8800CBAD37 /* Sources */,
				079A73EF249F5B8800CBAD37 /* Frameworks */,
				079A73F0249F5B8800CBAD37 /* Resources */,
				D29040798144665722B6DF17 /* [CP] Embed Pods Frameworks */,
			);
			buildRules = (
			);
			dependencies = (
			);
			name = groupnow;
			productName = groupnow;
			productReference = 079A73F2249F5B8800CBAD37 /* groupnow.app */;
			productType = "com.apple.product-type.application";
		};
/* End PBXNativeTarget section */

/* Begin PBXProject section */
		079A73EA249F5B8800CBAD37 /* Project object */ = {
			isa = PBXProject;
			attributes = {
				LastSwiftUpdateCheck = 1150;
				LastUpgradeCheck = 1150;
				ORGANIZATIONNAME = chin;
				TargetAttributes = {
					079A73F1249F5B8800CBAD37 = {
						CreatedOnToolsVersion = 11.5;
					};
				};
			};
			buildConfigurationList = 079A73ED249F5B8800CBAD37 /* Build configuration list for PBXProject "groupnow" */;
			compatibilityVersion = "Xcode 9.3";
			developmentRegion = en;
			hasScannedForEncodings = 0;
			knownRegions = (
				en,
				Base,
			);
			mainGroup = 079A73E9249F5B8800CBAD37;
			productRefGroup = 079A73F3249F5B8800CBAD37 /* Products */;
			projectDirPath = "";
			projectRoot = "";
			targets = (
				079A73F1249F5B8800CBAD37 /* groupnow */,
			);
		};
/* End PBXProject section */

/* Begin PBXResourcesBuildPhase section */
		079A73F0249F5B8800CBAD37 /* Resources */ = {
			isa = PBXResourcesBuildPhase;
			buildActionMask = 2147483647;
			files = (
				079A7405249F5B8A00CBAD37 /* LaunchScreen.storyboard in Resources */,
				079A742324A06BAC00CBAD37 /* GoogleService-Info.plist in Resources */,
				079A7402249F5B8A00CBAD37 /* Assets.xcassets in Resources */,
				079A73FD249F5B8800CBAD37 /* Main.storyboard in Resources */,
			);
			runOnlyForDeploymentPostprocessing = 0;
		};
/* End PBXResourcesBuildPhase section */

/* Begin PBXShellScriptBuildPhase section */
		4D5F58C3FDBFF6F711CD8ECE /* [CP] Check Pods Manifest.lock */ = {
			isa = PBXShellScriptBuildPhase;
			buildActionMask = 2147483647;
			files = (
			);
			inputFileListPaths = (
			);
			inputPaths = (
				"${PODS_PODFILE_DIR_PATH}/Podfile.lock",
				"${PODS_ROOT}/Manifest.lock",
			);
			name = "[CP] Check Pods Manifest.lock";
			outputFileListPaths = (
			);
			outputPaths = (
				"$(DERIVED_FILE_DIR)/Pods-groupnow-checkManifestLockResult.txt",
			);
			runOnlyForDeploymentPostprocessing = 0;
			shellPath = /bin/sh;
			shellScript = "diff \"${PODS_PODFILE_DIR_PATH}/Podfile.lock\" \"${PODS_ROOT}/Manifest.lock\" > /dev/null\nif [ $? != 0 ] ; then\n    # print error to STDERR\n    echo \"error: The sandbox is not in sync with the Podfile.lock. Run 'pod install' or update your CocoaPods installation.\" >&2\n    exit 1\nfi\n# This output is used by Xcode 'outputs' to avoid re-running this script phase.\necho \"SUCCESS\" > \"${SCRIPT_OUTPUT_FILE_0}\"\n";
			showEnvVarsInLog = 0;
		};
		D29040798144665722B6DF17 /* [CP] Embed Pods Frameworks */ = {
			isa = PBXShellScriptBuildPhase;
			buildActionMask = 2147483647;
			files = (
			);
			inputFileListPaths = (
				"${PODS_ROOT}/Target Support Files/Pods-groupnow/Pods-groupnow-frameworks-${CONFIGURATION}-input-files.xcfilelist",
			);
			name = "[CP] Embed Pods Frameworks";
			outputFileListPaths = (
				"${PODS_ROOT}/Target Support Files/Pods-groupnow/Pods-groupnow-frameworks-${CONFIGURATION}-output-files.xcfilelist",
			);
			runOnlyForDeploymentPostprocessing = 0;
			shellPath = /bin/sh;
			shellScript = "\"${PODS_ROOT}/Target Support Files/Pods-groupnow/Pods-groupnow-frameworks.sh\"\n";
			showEnvVarsInLog = 0;
		};
/* End PBXShellScriptBuildPhase section */

/* Begin PBXSourcesBuildPhase section */
		079A73EE249F5B8800CBAD37 /* Sources */ = {
			isa = PBXSourcesBuildPhase;
			buildActionMask = 2147483647;
			files = (
				079A742124A0653700CBAD37 /* loginViewController.swift in Sources */,
				079A7417249F5C7800CBAD37 /* editprofileViewController.swift in Sources */,
				079A7411249F5C5200CBAD37 /* homeViewController.swift in Sources */,
				079A741F249F5CA900CBAD37 /* cartViewController.swift in Sources */,
				07883DA124D6A7250044A444 /* CustomNavigationBar.swift in Sources */,
				079A7415249F5C6A00CBAD37 /* profileViewController.swift in Sources */,
				074C5E1024B6CCFD00C46F8D /* cartTableViewCell.swift in Sources */,
				079A7419249F5C8100CBAD37 /* searchViewController.swift in Sources */,
				079A73F6249F5B8800CBAD37 /* AppDelegate.swift in Sources */,
				079A7400249F5B8800CBAD37 /* groupnow.xcdatamodeld in Sources */,
				07FA19AC24BD9AA100EFC1C4 /* resultTableViewCell.swift in Sources */,
				0761667B24B053020097BD8D /* productModel.swift in Sources */,
				079A740F249F5C4900CBAD37 /* signupViewController.swift in Sources */,
				079A741D249F5C9D00CBAD37 /* orderViewController.swift in Sources */,
				07FA19A824BB0C9800EFC1C4 /* orderModel.swift in Sources */,
				074C5E1224B7095D00C46F8D /* orderTableViewCell.swift in Sources */,
				079A7413249F5C5D00CBAD37 /* productViewController.swift in Sources */,
				079A73F8249F5B8800CBAD37 /* SceneDelegate.swift in Sources */,
				079A742724A0A4B400CBAD37 /* addViewController.swift in Sources */,
				079A742524A07EC100CBAD37 /* productTableViewCell.swift in Sources */,
			);
			runOnlyForDeploymentPostprocessing = 0;
		};
/* End PBXSourcesBuildPhase section */

/* Begin PBXVariantGroup section */
		079A73FB249F5B8800CBAD37 /* Main.storyboard */ = {
			isa = PBXVariantGroup;
			children = (
				079A73FC249F5B8800CBAD37 /* Base */,
			);
			name = Main.storyboard;
			sourceTree = "<group>";
		};
		079A7403249F5B8A00CBAD37 /* LaunchScreen.storyboard */ = {
			isa = PBXVariantGroup;
			children = (
				079A7404249F5B8A00CBAD37 /* Base */,
			);
			name = LaunchScreen.storyboard;
			sourceTree = "<group>";
		};
/* End PBXVariantGroup section */

/* Begin XCBuildConfiguration section */
		079A7407249F5B8A00CBAD37 /* Debug */ = {
			isa = XCBuildConfiguration;
			buildSettings = {
				ALWAYS_SEARCH_USER_PATHS = NO;
				CLANG_ANALYZER_NONNULL = YES;
				CLANG_ANALYZER_NUMBER_OBJECT_CONVERSION = YES_AGGRESSIVE;
				CLANG_CXX_LANGUAGE_STANDARD = "gnu++14";
				CLANG_CXX_LIBRARY = "libc++";
				CLANG_ENABLE_MODULES = YES;
				CLANG_ENABLE_OBJC_ARC = YES;
				CLANG_ENABLE_OBJC_WEAK = YES;
				CLANG_WARN_BLOCK_CAPTURE_AUTORELEASING = YES;
				CLANG_WARN_BOOL_CONVERSION = YES;
				CLANG_WARN_COMMA = YES;
				CLANG_WARN_CONSTANT_CONVERSION = YES;
				CLANG_WARN_DEPRECATED_OBJC_IMPLEMENTATIONS = YES;
				CLANG_WARN_DIRECT_OBJC_ISA_USAGE = YES_ERROR;
				CLANG_WARN_DOCUMENTATION_COMMENTS = YES;
				CLANG_WARN_EMPTY_BODY = YES;
				CLANG_WARN_ENUM_CONVERSION = YES;
				CLANG_WARN_INFINITE_RECURSION = YES;
				CLANG_WARN_INT_CONVERSION = YES;
				CLANG_WARN_NON_LITERAL_NULL_CONVERSION = YES;
				CLANG_WARN_OBJC_IMPLICIT_RETAIN_SELF = YES;
				CLANG_WARN_OBJC_LITERAL_CONVERSION = YES;
				CLANG_WARN_OBJC_ROOT_CLASS = YES_ERROR;
				CLANG_WARN_RANGE_LOOP_ANALYSIS = YES;
				CLANG_WARN_STRICT_PROTOTYPES = YES;
				CLANG_WARN_SUSPICIOUS_MOVE = YES;
				CLANG_WARN_UNGUARDED_AVAILABILITY = YES_AGGRESSIVE;
				CLANG_WARN_UNREACHABLE_CODE = YES;
				CLANG_WARN__DUPLICATE_METHOD_MATCH = YES;
				COPY_PHASE_STRIP = NO;
				DEBUG_INFORMATION_FORMAT = dwarf;
				ENABLE_STRICT_OBJC_MSGSEND = YES;
				ENABLE_TESTABILITY = YES;
				GCC_C_LANGUAGE_STANDARD = gnu11;
				GCC_DYNAMIC_NO_PIC = NO;
				GCC_NO_COMMON_BLOCKS = YES;
				GCC_OPTIMIZATION_LEVEL = 0;
				GCC_PREPROCESSOR_DEFINITIONS = (
					"DEBUG=1",
					"$(inherited)",
				);
				GCC_WARN_64_TO_32_BIT_CONVERSION = YES;
				GCC_WARN_ABOUT_RETURN_TYPE = YES_ERROR;
				GCC_WARN_UNDECLARED_SELECTOR = YES;
				GCC_WARN_UNINITIALIZED_AUTOS = YES_AGGRESSIVE;
				GCC_WARN_UNUSED_FUNCTION = YES;
				GCC_WARN_UNUSED_VARIABLE = YES;
				IPHONEOS_DEPLOYMENT_TARGET = 13.5;
				MTL_ENABLE_DEBUG_INFO = INCLUDE_SOURCE;
				MTL_FAST_MATH = YES;
				ONLY_ACTIVE_ARCH = YES;
				SDKROOT = iphoneos;
				SWIFT_ACTIVE_COMPILATION_CONDITIONS = DEBUG;
				SWIFT_OPTIMIZATION_LEVEL = "-Onone";
			};
			name = Debug;
		};
		079A7408249F5B8A00CBAD37 /* Release */ = {
			isa = XCBuildConfiguration;
			buildSettings = {
				ALWAYS_SEARCH_USER_PATHS = NO;
				CLANG_ANALYZER_NONNULL = YES;
				CLANG_ANALYZER_NUMBER_OBJECT_CONVERSION = YES_AGGRESSIVE;
				CLANG_CXX_LANGUAGE_STANDARD = "gnu++14";
				CLANG_CXX_LIBRARY = "libc++";
				CLANG_ENABLE_MODULES = YES;
				CLANG_ENABLE_OBJC_ARC = YES;
				CLANG_ENABLE_OBJC_WEAK = YES;
				CLANG_WARN_BLOCK_CAPTURE_AUTORELEASING = YES;
				CLANG_WARN_BOOL_CONVERSION = YES;
				CLANG_WARN_COMMA = YES;
				CLANG_WARN_CONSTANT_CONVERSION = YES;
				CLANG_WARN_DEPRECATED_OBJC_IMPLEMENTATIONS = YES;
				CLANG_WARN_DIRECT_OBJC_ISA_USAGE = YES_ERROR;
				CLANG_WARN_DOCUMENTATION_COMMENTS = YES;
				CLANG_WARN_EMPTY_BODY = YES;
				CLANG_WARN_ENUM_CONVERSION = YES;
				CLANG_WARN_INFINITE_RECURSION = YES;
				CLANG_WARN_INT_CONVERSION = YES;
				CLANG_WARN_NON_LITERAL_NULL_CONVERSION = YES;
				CLANG_WARN_OBJC_IMPLICIT_RETAIN_SELF = YES;
				CLANG_WARN_OBJC_LITERAL_CONVERSION = YES;
				CLANG_WARN_OBJC_ROOT_CLASS = YES_ERROR;
				CLANG_WARN_RANGE_LOOP_ANALYSIS = YES;
				CLANG_WARN_STRICT_PROTOTYPES = YES;
				CLANG_WARN_SUSPICIOUS_MOVE = YES;
				CLANG_WARN_UNGUARDED_AVAILABILITY = YES_AGGRESSIVE;
				CLANG_WARN_UNREACHABLE_CODE = YES;
				CLANG_WARN__DUPLICATE_METHOD_MATCH = YES;
				COPY_PHASE_STRIP = NO;
				DEBUG_INFORMATION_FORMAT = "dwarf-with-dsym";
				ENABLE_NS_ASSERTIONS = NO;
				ENABLE_STRICT_OBJC_MSGSEND = YES;
				GCC_C_LANGUAGE_STANDARD = gnu11;
				GCC_NO_COMMON_BLOCKS = YES;
				GCC_WARN_64_TO_32_BIT_CONVERSION = YES;
				GCC_WARN_ABOUT_RETURN_TYPE = YES_ERROR;
				GCC_WARN_UNDECLARED_SELECTOR = YES;
				GCC_WARN_UNINITIALIZED_AUTOS = YES_AGGRESSIVE;
				GCC_WARN_UNUSED_FUNCTION = YES;
				GCC_WARN_UNUSED_VARIABLE = YES;
				IPHONEOS_DEPLOYMENT_TARGET = 13.5;
				MTL_ENABLE_DEBUG_INFO = NO;
				MTL_FAST_MATH = YES;
				SDKROOT = iphoneos;
				SWIFT_COMPILATION_MODE = wholemodule;
				SWIFT_OPTIMIZATION_LEVEL = "-O";
				VALIDATE_PRODUCT = YES;
			};
			name = Release;
		};
		079A740A249F5B8A00CBAD37 /* Debug */ = {
			isa = XCBuildConfiguration;
			baseConfigurationReference = F57102D682CA0FEE4C7709E8 /* Pods-groupnow.debug.xcconfig */;
			buildSettings = {
				ASSETCATALOG_COMPILER_APPICON_NAME = AppIcon;
				CODE_SIGN_STYLE = Automatic;
				DEVELOPMENT_TEAM = Y464VY92ZM;
				INFOPLIST_FILE = groupnow/Info.plist;
				LD_RUNPATH_SEARCH_PATHS = (
					"$(inherited)",
					"@executable_path/Frameworks",
				);
				PRODUCT_BUNDLE_IDENTIFIER = chin.groupnow;
				PRODUCT_NAME = "$(TARGET_NAME)";
				SWIFT_VERSION = 5.0;
				TARGETED_DEVICE_FAMILY = "1,2";
			};
			name = Debug;
		};
		079A740B249F5B8A00CBAD37 /* Release */ = {
			isa = XCBuildConfiguration;
			baseConfigurationReference = E67A73CC84E29B45C9E4C2B7 /* Pods-groupnow.release.xcconfig */;
			buildSettings = {
				ASSETCATALOG_COMPILER_APPICON_NAME = AppIcon;
				CODE_SIGN_STYLE = Automatic;
				DEVELOPMENT_TEAM = Y464VY92ZM;
				INFOPLIST_FILE = groupnow/Info.plist;
				LD_RUNPATH_SEARCH_PATHS = (
					"$(inherited)",
					"@executable_path/Frameworks",
				);
				PRODUCT_BUNDLE_IDENTIFIER = chin.groupnow;
				PRODUCT_NAME = "$(TARGET_NAME)";
				SWIFT_VERSION = 5.0;
				TARGETED_DEVICE_FAMILY = "1,2";
			};
			name = Release;
		};
/* End XCBuildConfiguration section */

/* Begin XCConfigurationList section */
		079A73ED249F5B8800CBAD37 /* Build configuration list for PBXProject "groupnow" */ = {
			isa = XCConfigurationList;
			buildConfigurations = (
				079A7407249F5B8A00CBAD37 /* Debug */,
				079A7408249F5B8A00CBAD37 /* Release */,
			);
			defaultConfigurationIsVisible = 0;
			defaultConfigurationName = Release;
		};
		079A7409249F5B8A00CBAD37 /* Build configuration list for PBXNativeTarget "groupnow" */ = {
			isa = XCConfigurationList;
			buildConfigurations = (
				079A740A249F5B8A00CBAD37 /* Debug */,
				079A740B249F5B8A00CBAD37 /* Release */,
			);
			defaultConfigurationIsVisible = 0;
			defaultConfigurationName = Release;
		};
/* End XCConfigurationList section */

/* Begin XCVersionGroup section */
		079A73FE249F5B8800CBAD37 /* groupnow.xcdatamodeld */ = {
			isa = XCVersionGroup;
			children = (
				079A73FF249F5B8800CBAD37 /* groupnow.xcdatamodel */,
			);
			currentVersion = 079A73FF249F5B8800CBAD37 /* groupnow.xcdatamodel */;
			path = groupnow.xcdatamodeld;
			sourceTree = "<group>";
			versionGroupType = wrapper.xcdatamodel;
		};
/* End XCVersionGroup section */
	};
	rootObject = 079A73EA249F5B8800CBAD37 /* Project object */;
}
